
Microsoft Visual Studio Solution File, Format Version 12.00
# Visual Studio Version 16
VisualStudioVersion = 16.0.29926.136
MinimumVisualStudioVersion = 10.0.40219.1
Project("{2150E333-8FDC-42A3-9474-1A3956D46DE8}") = "src", "src", "{A3B4EB4A-E05E-44E4-98E9-69E8C26B3C4C}"
EndProject
Project("{9A19103F-16F7-4668-BE54-9A1E7A4F7556}") = "Tayco.Web", "src\Tayco.Web\Tayco.Web.csproj", "{56D3E3EF-D378-4F45-B70E-61D867073040}"
EndProject
Global
	GlobalSection(SolutionConfigurationPlatforms) = preSolution
		Debug|Any CPU = Debug|Any CPU
		Debug|x64 = Debug|x64
		Debug|x86 = Debug|x86
		Release|Any CPU = Release|Any CPU
		Release|x64 = Release|x64
		Release|x86 = Release|x86
	EndGlobalSection
	GlobalSection(ProjectConfigurationPlatforms) = postSolution
		{56D3E3EF-D378-4F45-B70E-61D867073040}.Debug|Any CPU.ActiveCfg = Debug|Any CPU
		{56D3E3EF-D378-4F45-B70E-61D867073040}.Debug|Any CPU.Build.0 = Debug|Any CPU
		{56D3E3EF-D378-4F45-B70E-61D867073040}.Debug|x64.ActiveCfg = Debug|Any CPU
		{56D3E3EF-D378-4F45-B70E-61D867073040}.Debug|x64.Build.0 = Debug|Any CPU
		{56D3E3EF-D378-4F45-B70E-61D867073040}.Debug|x86.ActiveCfg = Debug|Any CPU
		{56D3E3EF-D378-4F45-B70E-61D867073040}.Debug|x86.Build.0 = Debug|Any CPU
		{56D3E3EF-D378-4F45-B70E-61D867073040}.Release|Any CPU.ActiveCfg = Release|Any CPU
		{56D3E3EF-D378-4F45-B70E-61D867073040}.Release|Any CPU.Build.0 = Release|Any CPU
		{56D3E3EF-D378-4F45-B70E-61D867073040}.Release|x64.ActiveCfg = Release|Any CPU
		{56D3E3EF-D378-4F45-B70E-61D867073040}.Release|x64.Build.0 = Release|Any CPU
		{56D3E3EF-D378-4F45-B70E-61D867073040}.Release|x86.ActiveCfg = Release|Any CPU
		{56D3E3EF-D378-4F45-B70E-61D867073040}.Release|x86.Build.0 = Release|Any CPU
	EndGlobalSection
	GlobalSection(SolutionProperties) = preSolution
		HideSolutionNode = FALSE
	EndGlobalSection
	GlobalSection(NestedProjects) = preSolution
		{56D3E3EF-D378-4F45-B70E-61D867073040} = {A3B4EB4A-E05E-44E4-98E9-69E8C26B3C4C}
	EndGlobalSection
	GlobalSection(ExtensibilityGlobals) = postSolution
		SolutionGuid = {4FEE1FE3-1E5B-456D-90C3-1B02D2354B4A}
	EndGlobalSection
EndGlobal
