
Microsoft Visual Studio Solution File, Format Version 12.00
# Visual Studio Version 16
VisualStudioVersion = 16.0.29926.136
MinimumVisualStudioVersion = 10.0.40219.1
Project("{9A19103F-16F7-4668-BE54-9A1E7A4F7556}") = "Tayco.Web", "Tayco.Web\Tayco.Web.csproj", "{33A3EBBA-EB5F-464F-A987-F452CCB7C845}"
EndProject
Project("{2150E333-8FDC-42A3-9474-1A3956D46DE8}") = "blogs", "blogs", "{BC68881D-F2F8-4A5B-875E-DCDF7BEC2D46}"
	ProjectSection(SolutionItems) = preProject
		..\blogs\index.json = ..\blogs\index.json
		..\blogs\making-a-static-website-with-csharp-part1.md = ..\blogs\making-a-static-website-with-csharp-part1.md
	EndProjectSection
EndProject
Project("{2150E333-8FDC-42A3-9474-1A3956D46DE8}") = "SolutionItems", "SolutionItems", "{498D82EB-9F16-4F72-B55E-AA2DD90349A5}"
EndProject
Project("{2150E333-8FDC-42A3-9474-1A3956D46DE8}") = "workflows", "workflows", "{8BA042A0-C680-443B-A005-FA4B7C26A529}"
	ProjectSection(SolutionItems) = preProject
		..\.github\workflows\upload-website.yml = ..\.github\workflows\upload-website.yml
	EndProjectSection
EndProject
Global
	GlobalSection(SolutionConfigurationPlatforms) = preSolution
		Debug|Any CPU = Debug|Any CPU
		Debug|x64 = Debug|x64
		Debug|x86 = Debug|x86
		Release|Any CPU = Release|Any CPU
		Release|x64 = Release|x64
		Release|x86 = Release|x86
	EndGlobalSection
	GlobalSection(ProjectConfigurationPlatforms) = postSolution
		{33A3EBBA-EB5F-464F-A987-F452CCB7C845}.Debug|Any CPU.ActiveCfg = Debug|Any CPU
		{33A3EBBA-EB5F-464F-A987-F452CCB7C845}.Debug|Any CPU.Build.0 = Debug|Any CPU
		{33A3EBBA-EB5F-464F-A987-F452CCB7C845}.Debug|x64.ActiveCfg = Debug|Any CPU
		{33A3EBBA-EB5F-464F-A987-F452CCB7C845}.Debug|x64.Build.0 = Debug|Any CPU
		{33A3EBBA-EB5F-464F-A987-F452CCB7C845}.Debug|x86.ActiveCfg = Debug|Any CPU
		{33A3EBBA-EB5F-464F-A987-F452CCB7C845}.Debug|x86.Build.0 = Debug|Any CPU
		{33A3EBBA-EB5F-464F-A987-F452CCB7C845}.Release|Any CPU.ActiveCfg = Release|Any CPU
		{33A3EBBA-EB5F-464F-A987-F452CCB7C845}.Release|Any CPU.Build.0 = Release|Any CPU
		{33A3EBBA-EB5F-464F-A987-F452CCB7C845}.Release|x64.ActiveCfg = Release|Any CPU
		{33A3EBBA-EB5F-464F-A987-F452CCB7C845}.Release|x64.Build.0 = Release|Any CPU
		{33A3EBBA-EB5F-464F-A987-F452CCB7C845}.Release|x86.ActiveCfg = Release|Any CPU
		{33A3EBBA-EB5F-464F-A987-F452CCB7C845}.Release|x86.Build.0 = Release|Any CPU
	EndGlobalSection
	GlobalSection(SolutionProperties) = preSolution
		HideSolutionNode = FALSE
	EndGlobalSection
	GlobalSection(NestedProjects) = preSolution
		{BC68881D-F2F8-4A5B-875E-DCDF7BEC2D46} = {498D82EB-9F16-4F72-B55E-AA2DD90349A5}
		{8BA042A0-C680-443B-A005-FA4B7C26A529} = {498D82EB-9F16-4F72-B55E-AA2DD90349A5}
	EndGlobalSection
	GlobalSection(ExtensibilityGlobals) = postSolution
		SolutionGuid = {4FEE1FE3-1E5B-456D-90C3-1B02D2354B4A}
	EndGlobalSection
EndGlobal
